<?xml version="1.0" encoding="utf-8"?>
<Project ToolsVersion="4.0" xmlns="http://schemas.microsoft.com/developer/msbuild/2003">
  <ItemGroup>
    <Filter Include="MainGame">
      <UniqueIdentifier>{c9a127aa-c7a8-439b-a7a5-80732a94972c}</UniqueIdentifier>
    </Filter>
    <Filter Include="MainGame\GameNode">
      <UniqueIdentifier>{3bc1cdb0-28db-47c0-bbf4-eb68a8fb3418}</UniqueIdentifier>
    </Filter>
    <Filter Include="MainGame\로딩화면">
      <UniqueIdentifier>{2dfbb832-5b43-440e-bb64-1de12bb87205}</UniqueIdentifier>
    </Filter>
    <Filter Include="MainGame\씬">
      <UniqueIdentifier>{c9db33e9-ad36-41f6-8e9a-0f90ea9f10ce}</UniqueIdentifier>
    </Filter>
    <Filter Include="Manager">
      <UniqueIdentifier>{a2d0a9a7-2478-49b2-ab90-e5931b927c9d}</UniqueIdentifier>
    </Filter>
    <Filter Include="Manager\프레임워크">
      <UniqueIdentifier>{37c7c481-8c25-4042-8f43-42b9e871f37b}</UniqueIdentifier>
    </Filter>
    <Filter Include="Manager\프레임워크\INI데이터">
      <UniqueIdentifier>{6b7e9e77-62b9-463d-b271-4e0ab595ea41}</UniqueIdentifier>
    </Filter>
    <Filter Include="Manager\프레임워크\로딩">
      <UniqueIdentifier>{92d3c614-05c5-41ba-a32e-d8a4994995c4}</UniqueIdentifier>
    </Filter>
    <Filter Include="Manager\프레임워크\매니져">
      <UniqueIdentifier>{cc3f996c-b2a8-4c0d-92ae-b58a3950fa63}</UniqueIdentifier>
    </Filter>
    <Filter Include="Manager\프레임워크\싱글톤데이터">
      <UniqueIdentifier>{bd7ae7cc-5b31-466d-8457-1d0eb40bb16d}</UniqueIdentifier>
    </Filter>
    <Filter Include="Manager\프레임워크\유틸">
      <UniqueIdentifier>{a22cbe19-8f6e-4583-8240-bbddcaacc298}</UniqueIdentifier>
    </Filter>
    <Filter Include="Manager\프레임워크\이미지">
      <UniqueIdentifier>{9615466f-c4a7-4386-b352-ce900487e2ed}</UniqueIdentifier>
    </Filter>
    <Filter Include="Manager\프레임워크\체력바">
      <UniqueIdentifier>{5e51dd86-a0c1-4370-9f1d-1975025e79cb}</UniqueIdentifier>
    </Filter>
    <Filter Include="Manager\프레임워크\총알">
      <UniqueIdentifier>{10964644-8ae4-47ee-b51b-8b22931b40c1}</UniqueIdentifier>
    </Filter>
    <Filter Include="Manager\프레임워크\카메라">
      <UniqueIdentifier>{9fbaf76e-b749-46c3-aa5c-e71d2be8f7ee}</UniqueIdentifier>
    </Filter>
    <Filter Include="MainGame\스테이지">
      <UniqueIdentifier>{9cb12bb7-c1ef-4952-952b-4bbe216b8612}</UniqueIdentifier>
    </Filter>
    <Filter Include="MainGame\클래스">
      <UniqueIdentifier>{d7ad280f-1c3e-4652-aad0-88e3e73db491}</UniqueIdentifier>
    </Filter>
    <Filter Include="Manager\프레임워크\매니져\WinMain">
      <UniqueIdentifier>{f2633db5-0743-4be4-8599-5519e1375a42}</UniqueIdentifier>
    </Filter>
  </ItemGroup>
  <ItemGroup>
    <ClInclude Include="commonMacroFunction.h">
      <Filter>Manager\프레임워크\유틸</Filter>
    </ClInclude>
    <ClInclude Include="stdafx.h">
      <Filter>MainGame</Filter>
    </ClInclude>
    <ClInclude Include="gameNode.h">
      <Filter>MainGame\GameNode</Filter>
    </ClInclude>
    <ClInclude Include="mainGame.h">
      <Filter>MainGame</Filter>
    </ClInclude>
    <ClInclude Include="singletonBase.h">
      <Filter>Manager\프레임워크\매니져</Filter>
    </ClInclude>
    <ClInclude Include="input.h">
      <Filter>Manager\프레임워크\매니져</Filter>
    </ClInclude>
    <ClInclude Include="random.h">
      <Filter>Manager\프레임워크\유틸</Filter>
    </ClInclude>
    <ClInclude Include="image.h">
      <Filter>Manager\프레임워크\이미지</Filter>
    </ClInclude>
    <ClInclude Include="imageManager.h">
      <Filter>Manager\프레임워크\매니져</Filter>
    </ClInclude>
    <ClInclude Include="camera.h">
      <Filter>Manager\프레임워크\카메라</Filter>
    </ClInclude>
    <ClInclude Include="util.h">
      <Filter>Manager\프레임워크\유틸</Filter>
    </ClInclude>
    <ClInclude Include="bullet.h">
      <Filter>Manager\프레임워크\총알</Filter>
    </ClInclude>
    <ClInclude Include="progressBar.h">
      <Filter>Manager\프레임워크\체력바</Filter>
    </ClInclude>
    <ClInclude Include="sceneManager.h">
      <Filter>Manager\프레임워크\매니져</Filter>
    </ClInclude>
    <ClInclude Include="inGameScene.h">
      <Filter>MainGame\씬</Filter>
    </ClInclude>
    <ClInclude Include="iniData.h">
      <Filter>Manager\프레임워크\INI데이터</Filter>
    </ClInclude>
    <ClInclude Include="loading.h">
      <Filter>Manager\프레임워크\로딩</Filter>
    </ClInclude>
    <ClInclude Include="loadingScene.h">
      <Filter>MainGame\로딩화면</Filter>
    </ClInclude>
    <ClInclude Include="soundManager.h">
      <Filter>Manager\프레임워크\매니져</Filter>
    </ClInclude>
    <ClInclude Include="timeManager.h">
      <Filter>Manager\프레임워크\매니져</Filter>
    </ClInclude>
    <ClInclude Include="allData.h">
      <Filter>Manager</Filter>
    </ClInclude>
    <ClInclude Include="titleScene.h">
      <Filter>MainGame\씬</Filter>
    </ClInclude>
    <ClInclude Include="stage1.h">
      <Filter>MainGame\스테이지</Filter>
    </ClInclude>
    <ClInclude Include="playerClass.h">
      <Filter>MainGame\클래스</Filter>
    </ClInclude>
    <ClInclude Include="stage2.h">
      <Filter>MainGame\스테이지</Filter>
    </ClInclude>
    <ClInclude Include="enemyClass.h">
      <Filter>MainGame\클래스</Filter>
    </ClInclude>
    <ClInclude Include="effectClass.h">
      <Filter>MainGame\클래스</Filter>
    </ClInclude>
    <ClInclude Include="objectClass.h">
      <Filter>MainGame\클래스</Filter>
    </ClInclude>
    <ClInclude Include="stage3.h">
      <Filter>MainGame\스테이지</Filter>
    </ClInclude>
    <ClInclude Include="itemClass.h">
      <Filter>MainGame\클래스</Filter>
    </ClInclude>
    <ClInclude Include="stage4.h">
      <Filter>MainGame\스테이지</Filter>
    </ClInclude>
    <ClInclude Include="bossClass.h">
      <Filter>MainGame\클래스</Filter>
    </ClInclude>
    <ClInclude Include="stage5.h">
      <Filter>MainGame\스테이지</Filter>
    </ClInclude>
  </ItemGroup>
  <ItemGroup>
    <ClCompile Include="winMain.cpp">
      <Filter>Manager\프레임워크\매니져\WinMain</Filter>
    </ClCompile>
    <ClCompile Include="stdafx.cpp">
      <Filter>Manager\프레임워크\매니져\WinMain</Filter>
    </ClCompile>
    <ClCompile Include="gameNode.cpp">
      <Filter>MainGame\GameNode</Filter>
    </ClCompile>
    <ClCompile Include="mainGame.cpp">
      <Filter>MainGame</Filter>
    </ClCompile>
    <ClCompile Include="input.cpp">
      <Filter>Manager\프레임워크\매니져</Filter>
    </ClCompile>
    <ClCompile Include="random.cpp">
      <Filter>Manager\프레임워크\유틸</Filter>
    </ClCompile>
    <ClCompile Include="image.cpp">
      <Filter>Manager\프레임워크\이미지</Filter>
    </ClCompile>
    <ClCompile Include="imageManager.cpp">
      <Filter>Manager\프레임워크\매니져</Filter>
    </ClCompile>
    <ClCompile Include="camera.cpp">
      <Filter>Manager\프레임워크\카메라</Filter>
    </ClCompile>
    <ClCompile Include="util.cpp">
      <Filter>Manager\프레임워크\유틸</Filter>
    </ClCompile>
    <ClCompile Include="bullet.cpp">
      <Filter>Manager\프레임워크\총알</Filter>
    </ClCompile>
    <ClCompile Include="progressBar.cpp">
      <Filter>Manager\프레임워크\체력바</Filter>
    </ClCompile>
    <ClCompile Include="sceneManager.cpp">
      <Filter>Manager\프레임워크\매니져</Filter>
    </ClCompile>
    <ClCompile Include="inGameScene.cpp">
      <Filter>MainGame\씬</Filter>
    </ClCompile>
    <ClCompile Include="iniData.cpp">
      <Filter>Manager\프레임워크\INI데이터</Filter>
    </ClCompile>
    <ClCompile Include="loading.cpp">
      <Filter>Manager\프레임워크\로딩</Filter>
    </ClCompile>
    <ClCompile Include="loadingScene.cpp">
      <Filter>MainGame\로딩화면</Filter>
    </ClCompile>
    <ClCompile Include="soundManager.cpp">
      <Filter>Manager\프레임워크\매니져</Filter>
    </ClCompile>
    <ClCompile Include="timeManager.cpp">
      <Filter>Manager\프레임워크\매니져</Filter>
    </ClCompile>
    <ClCompile Include="allData.cpp">
      <Filter>Manager</Filter>
    </ClCompile>
    <ClCompile Include="titleScene.cpp">
      <Filter>MainGame\씬</Filter>
    </ClCompile>
    <ClCompile Include="stage1.cpp">
      <Filter>MainGame\스테이지</Filter>
    </ClCompile>
    <ClCompile Include="playerClass.cpp">
      <Filter>MainGame\클래스</Filter>
    </ClCompile>
    <ClCompile Include="stage2.cpp">
      <Filter>MainGame\스테이지</Filter>
    </ClCompile>
    <ClCompile Include="enemyClass.cpp">
      <Filter>MainGame\클래스</Filter>
    </ClCompile>
    <ClCompile Include="effectClass.cpp">
      <Filter>MainGame\클래스</Filter>
    </ClCompile>
    <ClCompile Include="objectClass.cpp">
      <Filter>MainGame\클래스</Filter>
    </ClCompile>
    <ClCompile Include="stage3.cpp">
      <Filter>MainGame\스테이지</Filter>
    </ClCompile>
    <ClCompile Include="itemClass.cpp">
      <Filter>MainGame\클래스</Filter>
    </ClCompile>
    <ClCompile Include="stage4.cpp">
      <Filter>MainGame\스테이지</Filter>
    </ClCompile>
    <ClCompile Include="bossClass.cpp">
      <Filter>MainGame\클래스</Filter>
    </ClCompile>
    <ClCompile Include="stage5.cpp">
      <Filter>MainGame\스테이지</Filter>
    </ClCompile>
  </ItemGroup>
</Project>